
Microsoft Visual Studio Solution File, Format Version 12.00
# Visual Studio 15
VisualStudioVersion = 15.0.26730.16
MinimumVisualStudioVersion = 10.0.40219.1
Project("{8BC9CEB8-8B4A-11D0-8D11-00A0C91BC942}") = "carte", "carte\carte.vcxproj", "{62835AE7-AFE6-4562-B601-DA9A00101691}"
EndProject
Global
	GlobalSection(SolutionConfigurationPlatforms) = preSolution
		Debug|x64 = Debug|x64
		Debug|x86 = Debug|x86
		Release|x64 = Release|x64
		Release|x86 = Release|x86
	EndGlobalSection
	GlobalSection(ProjectConfigurationPlatforms) = postSolution
		{62835AE7-AFE6-4562-B601-DA9A00101691}.Debug|x64.ActiveCfg = Debug|x64
		{62835AE7-AFE6-4562-B601-DA9A00101691}.Debug|x64.Build.0 = Debug|x64
		{62835AE7-AFE6-4562-B601-DA9A00101691}.Debug|x86.ActiveCfg = Debug|Win32
		{62835AE7-AFE6-4562-B601-DA9A00101691}.Debug|x86.Build.0 = Debug|Win32
		{62835AE7-AFE6-4562-B601-DA9A00101691}.Release|x64.ActiveCfg = Release|x64
		{62835AE7-AFE6-4562-B601-DA9A00101691}.Release|x64.Build.0 = Release|x64
		{62835AE7-AFE6-4562-B601-DA9A00101691}.Release|x86.ActiveCfg = Release|Win32
		{62835AE7-AFE6-4562-B601-DA9A00101691}.Release|x86.Build.0 = Release|Win32
	EndGlobalSection
	GlobalSection(SolutionProperties) = preSolution
		HideSolutionNode = FALSE
	EndGlobalSection
	GlobalSection(ExtensibilityGlobals) = postSolution
		SolutionGuid = {CAEB075F-9CCD-465B-917F-5ABBEAF9C25F}
	EndGlobalSection
EndGlobal
